
Microsoft Visual Studio Solution File, Format Version 12.00
# Visual Studio Version 17
VisualStudioVersion = 17.4.33213.308
MinimumVisualStudioVersion = 10.0.40219.1
Project("{FAE04EC0-301F-11D3-BF4B-00C04F79EFBC}") = "Baalhyttebooking", "Baalhyttebooking\Baalhyttebooking.csproj", "{0DB2FA2D-0B50-4E48-AEA6-4650C7B82C1E}"
EndProject
Global
	GlobalSection(SolutionConfigurationPlatforms) = preSolution
		Debug|Any CPU = Debug|Any CPU
		Release|Any CPU = Release|Any CPU
	EndGlobalSection
	GlobalSection(ProjectConfigurationPlatforms) = postSolution
		{0DB2FA2D-0B50-4E48-AEA6-4650C7B82C1E}.Debug|Any CPU.ActiveCfg = Debug|Any CPU
		{0DB2FA2D-0B50-4E48-AEA6-4650C7B82C1E}.Debug|Any CPU.Build.0 = Debug|Any CPU
		{0DB2FA2D-0B50-4E48-AEA6-4650C7B82C1E}.Release|Any CPU.ActiveCfg = Release|Any CPU
		{0DB2FA2D-0B50-4E48-AEA6-4650C7B82C1E}.Release|Any CPU.Build.0 = Release|Any CPU
	EndGlobalSection
	GlobalSection(SolutionProperties) = preSolution
		HideSolutionNode = FALSE
	EndGlobalSection
	GlobalSection(ExtensibilityGlobals) = postSolution
		SolutionGuid = {AF9BDC40-1344-4565-90A4-732656FB62AF}
	EndGlobalSection
EndGlobal
